
Microsoft Visual Studio Solution File, Format Version 12.00
# Visual Studio Version 17
VisualStudioVersion = 17.0.32014.148
MinimumVisualStudioVersion = 10.0.40219.1
Project("{FAE04EC0-301F-11D3-BF4B-00C04F79EFBC}") = "ElectronicEquipment", "ElectronicEquipment\ElectronicEquipment.csproj", "{B35F5D44-A288-446E-88F0-D1C7DFA50CCF}"
EndProject
Global
	GlobalSection(SolutionConfigurationPlatforms) = preSolution
		Debug|Any CPU = Debug|Any CPU
		Release|Any CPU = Release|Any CPU
	EndGlobalSection
	GlobalSection(ProjectConfigurationPlatforms) = postSolution
		{B35F5D44-A288-446E-88F0-D1C7DFA50CCF}.Debug|Any CPU.ActiveCfg = Debug|Any CPU
		{B35F5D44-A288-446E-88F0-D1C7DFA50CCF}.Debug|Any CPU.Build.0 = Debug|Any CPU
		{B35F5D44-A288-446E-88F0-D1C7DFA50CCF}.Release|Any CPU.ActiveCfg = Release|Any CPU
		{B35F5D44-A288-446E-88F0-D1C7DFA50CCF}.Release|Any CPU.Build.0 = Release|Any CPU
	EndGlobalSection
	GlobalSection(SolutionProperties) = preSolution
		HideSolutionNode = FALSE
	EndGlobalSection
	GlobalSection(ExtensibilityGlobals) = postSolution
		SolutionGuid = {7E5A30B8-909F-4CF8-A76E-6CF0E79FB941}
	EndGlobalSection
EndGlobal
